
Microsoft Visual Studio Solution File, Format Version 12.00
# Visual Studio 15
VisualStudioVersion = 15.0.28307.572
MinimumVisualStudioVersion = 10.0.40219.1
Project("{FAE04EC0-301F-11D3-BF4B-00C04F79EFBC}") = "Movies.Android", "Movies\Movies.Android\Movies.Android.csproj", "{CC461A40-ED3C-46C3-93E3-277C4EBD5DBB}"
EndProject
Project("{FAE04EC0-301F-11D3-BF4B-00C04F79EFBC}") = "Movies.iOS", "Movies\Movies.iOS\Movies.iOS.csproj", "{755EA290-7736-488B-8715-BA191E9980F0}"
EndProject
Project("{FAE04EC0-301F-11D3-BF4B-00C04F79EFBC}") = "Movies", "Movies\Movies\Movies.csproj", "{2A6015FD-2BD2-4E71-A2D9-E0C8991CF779}"
EndProject
Global
	GlobalSection(SolutionConfigurationPlatforms) = preSolution
		Ad-Hoc|Any CPU = Ad-Hoc|Any CPU
		Ad-Hoc|iPhone = Ad-Hoc|iPhone
		Ad-Hoc|iPhoneSimulator = Ad-Hoc|iPhoneSimulator
		AppStore|Any CPU = AppStore|Any CPU
		AppStore|iPhone = AppStore|iPhone
		AppStore|iPhoneSimulator = AppStore|iPhoneSimulator
		Debug|Any CPU = Debug|Any CPU
		Debug|iPhone = Debug|iPhone
		Debug|iPhoneSimulator = Debug|iPhoneSimulator
		Release|Any CPU = Release|Any CPU
		Release|iPhone = Release|iPhone
		Release|iPhoneSimulator = Release|iPhoneSimulator
	EndGlobalSection
	GlobalSection(ProjectConfigurationPlatforms) = postSolution
		{CC461A40-ED3C-46C3-93E3-277C4EBD5DBB}.Ad-Hoc|Any CPU.ActiveCfg = Release|Any CPU
		{CC461A40-ED3C-46C3-93E3-277C4EBD5DBB}.Ad-Hoc|Any CPU.Build.0 = Release|Any CPU
		{CC461A40-ED3C-46C3-93E3-277C4EBD5DBB}.Ad-Hoc|Any CPU.Deploy.0 = Release|Any CPU
		{CC461A40-ED3C-46C3-93E3-277C4EBD5DBB}.Ad-Hoc|iPhone.ActiveCfg = Release|Any CPU
		{CC461A40-ED3C-46C3-93E3-277C4EBD5DBB}.Ad-Hoc|iPhone.Build.0 = Release|Any CPU
		{CC461A40-ED3C-46C3-93E3-277C4EBD5DBB}.Ad-Hoc|iPhone.Deploy.0 = Release|Any CPU
		{CC461A40-ED3C-46C3-93E3-277C4EBD5DBB}.Ad-Hoc|iPhoneSimulator.ActiveCfg = Release|Any CPU
		{CC461A40-ED3C-46C3-93E3-277C4EBD5DBB}.Ad-Hoc|iPhoneSimulator.Build.0 = Release|Any CPU
		{CC461A40-ED3C-46C3-93E3-277C4EBD5DBB}.Ad-Hoc|iPhoneSimulator.Deploy.0 = Release|Any CPU
		{CC461A40-ED3C-46C3-93E3-277C4EBD5DBB}.AppStore|Any CPU.ActiveCfg = Release|Any CPU
		{CC461A40-ED3C-46C3-93E3-277C4EBD5DBB}.AppStore|Any CPU.Build.0 = Release|Any CPU
		{CC461A40-ED3C-46C3-93E3-277C4EBD5DBB}.AppStore|Any CPU.Deploy.0 = Release|Any CPU
		{CC461A40-ED3C-46C3-93E3-277C4EBD5DBB}.AppStore|iPhone.ActiveCfg = Release|Any CPU
		{CC461A40-ED3C-46C3-93E3-277C4EBD5DBB}.AppStore|iPhone.Build.0 = Release|Any CPU
		{CC461A40-ED3C-46C3-93E3-277C4EBD5DBB}.AppStore|iPhone.Deploy.0 = Release|Any CPU
		{CC461A40-ED3C-46C3-93E3-277C4EBD5DBB}.AppStore|iPhoneSimulator.ActiveCfg = Release|Any CPU
		{CC461A40-ED3C-46C3-93E3-277C4EBD5DBB}.AppStore|iPhoneSimulator.Build.0 = Release|Any CPU
		{CC461A40-ED3C-46C3-93E3-277C4EBD5DBB}.AppStore|iPhoneSimulator.Deploy.0 = Release|Any CPU
		{CC461A40-ED3C-46C3-93E3-277C4EBD5DBB}.Debug|Any CPU.ActiveCfg = Debug|Any CPU
		{CC461A40-ED3C-46C3-93E3-277C4EBD5DBB}.Debug|Any CPU.Build.0 = Debug|Any CPU
		{CC461A40-ED3C-46C3-93E3-277C4EBD5DBB}.Debug|Any CPU.Deploy.0 = Debug|Any CPU
		{CC461A40-ED3C-46C3-93E3-277C4EBD5DBB}.Debug|iPhone.ActiveCfg = Debug|Any CPU
		{CC461A40-ED3C-46C3-93E3-277C4EBD5DBB}.Debug|iPhone.Build.0 = Debug|Any CPU
		{CC461A40-ED3C-46C3-93E3-277C4EBD5DBB}.Debug|iPhone.Deploy.0 = Debug|Any CPU
		{CC461A40-ED3C-46C3-93E3-277C4EBD5DBB}.Debug|iPhoneSimulator.ActiveCfg = Debug|Any CPU
		{CC461A40-ED3C-46C3-93E3-277C4EBD5DBB}.Debug|iPhoneSimulator.Build.0 = Debug|Any CPU
		{CC461A40-ED3C-46C3-93E3-277C4EBD5DBB}.Debug|iPhoneSimulator.Deploy.0 = Debug|Any CPU
		{CC461A40-ED3C-46C3-93E3-277C4EBD5DBB}.Release|Any CPU.ActiveCfg = Release|Any CPU
		{CC461A40-ED3C-46C3-93E3-277C4EBD5DBB}.Release|Any CPU.Build.0 = Release|Any CPU
		{CC461A40-ED3C-46C3-93E3-277C4EBD5DBB}.Release|Any CPU.Deploy.0 = Release|Any CPU
		{CC461A40-ED3C-46C3-93E3-277C4EBD5DBB}.Release|iPhone.ActiveCfg = Release|Any CPU
		{CC461A40-ED3C-46C3-93E3-277C4EBD5DBB}.Release|iPhone.Build.0 = Release|Any CPU
		{CC461A40-ED3C-46C3-93E3-277C4EBD5DBB}.Release|iPhone.Deploy.0 = Release|Any CPU
		{CC461A40-ED3C-46C3-93E3-277C4EBD5DBB}.Release|iPhoneSimulator.ActiveCfg = Release|Any CPU
		{CC461A40-ED3C-46C3-93E3-277C4EBD5DBB}.Release|iPhoneSimulator.Build.0 = Release|Any CPU
		{CC461A40-ED3C-46C3-93E3-277C4EBD5DBB}.Release|iPhoneSimulator.Deploy.0 = Release|Any CPU
		{755EA290-7736-488B-8715-BA191E9980F0}.Ad-Hoc|Any CPU.ActiveCfg = Ad-Hoc|iPhone
		{755EA290-7736-488B-8715-BA191E9980F0}.Ad-Hoc|Any CPU.Build.0 = Ad-Hoc|iPhone
		{755EA290-7736-488B-8715-BA191E9980F0}.Ad-Hoc|Any CPU.Deploy.0 = Ad-Hoc|iPhone
		{755EA290-7736-488B-8715-BA191E9980F0}.Ad-Hoc|iPhone.ActiveCfg = Ad-Hoc|iPhone
		{755EA290-7736-488B-8715-BA191E9980F0}.Ad-Hoc|iPhone.Build.0 = Ad-Hoc|iPhone
		{755EA290-7736-488B-8715-BA191E9980F0}.Ad-Hoc|iPhone.Deploy.0 = Ad-Hoc|iPhone
		{755EA290-7736-488B-8715-BA191E9980F0}.Ad-Hoc|iPhoneSimulator.ActiveCfg = Ad-Hoc|iPhoneSimulator
		{755EA290-7736-488B-8715-BA191E9980F0}.Ad-Hoc|iPhoneSimulator.Build.0 = Ad-Hoc|iPhoneSimulator
		{755EA290-7736-488B-8715-BA191E9980F0}.Ad-Hoc|iPhoneSimulator.Deploy.0 = Ad-Hoc|iPhoneSimulator
		{755EA290-7736-488B-8715-BA191E9980F0}.AppStore|Any CPU.ActiveCfg = AppStore|iPhone
		{755EA290-7736-488B-8715-BA191E9980F0}.AppStore|Any CPU.Build.0 = AppStore|iPhone
		{755EA290-7736-488B-8715-BA191E9980F0}.AppStore|Any CPU.Deploy.0 = AppStore|iPhone
		{755EA290-7736-488B-8715-BA191E9980F0}.AppStore|iPhone.ActiveCfg = AppStore|iPhone
		{755EA290-7736-488B-8715-BA191E9980F0}.AppStore|iPhone.Build.0 = AppStore|iPhone
		{755EA290-7736-488B-8715-BA191E9980F0}.AppStore|iPhone.Deploy.0 = AppStore|iPhone
		{755EA290-7736-488B-8715-BA191E9980F0}.AppStore|iPhoneSimulator.ActiveCfg = AppStore|iPhoneSimulator
		{755EA290-7736-488B-8715-BA191E9980F0}.AppStore|iPhoneSimulator.Build.0 = AppStore|iPhoneSimulator
		{755EA290-7736-488B-8715-BA191E9980F0}.AppStore|iPhoneSimulator.Deploy.0 = AppStore|iPhoneSimulator
		{755EA290-7736-488B-8715-BA191E9980F0}.Debug|Any CPU.ActiveCfg = Debug|iPhoneSimulator
		{755EA290-7736-488B-8715-BA191E9980F0}.Debug|Any CPU.Build.0 = Debug|iPhoneSimulator
		{755EA290-7736-488B-8715-BA191E9980F0}.Debug|Any CPU.Deploy.0 = Debug|iPhoneSimulator
		{755EA290-7736-488B-8715-BA191E9980F0}.Debug|iPhone.ActiveCfg = Debug|iPhone
		{755EA290-7736-488B-8715-BA191E9980F0}.Debug|iPhone.Build.0 = Debug|iPhone
		{755EA290-7736-488B-8715-BA191E9980F0}.Debug|iPhone.Deploy.0 = Debug|iPhone
		{755EA290-7736-488B-8715-BA191E9980F0}.Debug|iPhoneSimulator.ActiveCfg = Debug|iPhoneSimulator
		{755EA290-7736-488B-8715-BA191E9980F0}.Debug|iPhoneSimulator.Build.0 = Debug|iPhoneSimulator
		{755EA290-7736-488B-8715-BA191E9980F0}.Debug|iPhoneSimulator.Deploy.0 = Debug|iPhoneSimulator
		{755EA290-7736-488B-8715-BA191E9980F0}.Release|Any CPU.ActiveCfg = Release|iPhone
		{755EA290-7736-488B-8715-BA191E9980F0}.Release|Any CPU.Build.0 = Release|iPhone
		{755EA290-7736-488B-8715-BA191E9980F0}.Release|Any CPU.Deploy.0 = Release|iPhone
		{755EA290-7736-488B-8715-BA191E9980F0}.Release|iPhone.ActiveCfg = Release|iPhone
		{755EA290-7736-488B-8715-BA191E9980F0}.Release|iPhone.Build.0 = Release|iPhone
		{755EA290-7736-488B-8715-BA191E9980F0}.Release|iPhone.Deploy.0 = Release|iPhone
		{755EA290-7736-488B-8715-BA191E9980F0}.Release|iPhoneSimulator.ActiveCfg = Release|iPhoneSimulator
		{755EA290-7736-488B-8715-BA191E9980F0}.Release|iPhoneSimulator.Build.0 = Release|iPhoneSimulator
		{755EA290-7736-488B-8715-BA191E9980F0}.Release|iPhoneSimulator.Deploy.0 = Release|iPhoneSimulator
		{2A6015FD-2BD2-4E71-A2D9-E0C8991CF779}.Ad-Hoc|Any CPU.ActiveCfg = Debug|Any CPU
		{2A6015FD-2BD2-4E71-A2D9-E0C8991CF779}.Ad-Hoc|Any CPU.Build.0 = Debug|Any CPU
		{2A6015FD-2BD2-4E71-A2D9-E0C8991CF779}.Ad-Hoc|Any CPU.Deploy.0 = Debug|Any CPU
		{2A6015FD-2BD2-4E71-A2D9-E0C8991CF779}.Ad-Hoc|iPhone.ActiveCfg = Debug|Any CPU
		{2A6015FD-2BD2-4E71-A2D9-E0C8991CF779}.Ad-Hoc|iPhone.Build.0 = Debug|Any CPU
		{2A6015FD-2BD2-4E71-A2D9-E0C8991CF779}.Ad-Hoc|iPhone.Deploy.0 = Debug|Any CPU
		{2A6015FD-2BD2-4E71-A2D9-E0C8991CF779}.Ad-Hoc|iPhoneSimulator.ActiveCfg = Debug|Any CPU
		{2A6015FD-2BD2-4E71-A2D9-E0C8991CF779}.Ad-Hoc|iPhoneSimulator.Build.0 = Debug|Any CPU
		{2A6015FD-2BD2-4E71-A2D9-E0C8991CF779}.Ad-Hoc|iPhoneSimulator.Deploy.0 = Debug|Any CPU
		{2A6015FD-2BD2-4E71-A2D9-E0C8991CF779}.AppStore|Any CPU.ActiveCfg = Debug|Any CPU
		{2A6015FD-2BD2-4E71-A2D9-E0C8991CF779}.AppStore|Any CPU.Build.0 = Debug|Any CPU
		{2A6015FD-2BD2-4E71-A2D9-E0C8991CF779}.AppStore|Any CPU.Deploy.0 = Debug|Any CPU
		{2A6015FD-2BD2-4E71-A2D9-E0C8991CF779}.AppStore|iPhone.ActiveCfg = Debug|Any CPU
		{2A6015FD-2BD2-4E71-A2D9-E0C8991CF779}.AppStore|iPhone.Build.0 = Debug|Any CPU
		{2A6015FD-2BD2-4E71-A2D9-E0C8991CF779}.AppStore|iPhone.Deploy.0 = Debug|Any CPU
		{2A6015FD-2BD2-4E71-A2D9-E0C8991CF779}.AppStore|iPhoneSimulator.ActiveCfg = Debug|Any CPU
		{2A6015FD-2BD2-4E71-A2D9-E0C8991CF779}.AppStore|iPhoneSimulator.Build.0 = Debug|Any CPU
		{2A6015FD-2BD2-4E71-A2D9-E0C8991CF779}.AppStore|iPhoneSimulator.Deploy.0 = Debug|Any CPU
		{2A6015FD-2BD2-4E71-A2D9-E0C8991CF779}.Debug|Any CPU.ActiveCfg = Debug|Any CPU
		{2A6015FD-2BD2-4E71-A2D9-E0C8991CF779}.Debug|Any CPU.Build.0 = Debug|Any CPU
		{2A6015FD-2BD2-4E71-A2D9-E0C8991CF779}.Debug|Any CPU.Deploy.0 = Debug|Any CPU
		{2A6015FD-2BD2-4E71-A2D9-E0C8991CF779}.Debug|iPhone.ActiveCfg = Debug|Any CPU
		{2A6015FD-2BD2-4E71-A2D9-E0C8991CF779}.Debug|iPhone.Build.0 = Debug|Any CPU
		{2A6015FD-2BD2-4E71-A2D9-E0C8991CF779}.Debug|iPhone.Deploy.0 = Debug|Any CPU
		{2A6015FD-2BD2-4E71-A2D9-E0C8991CF779}.Debug|iPhoneSimulator.ActiveCfg = Debug|Any CPU
		{2A6015FD-2BD2-4E71-A2D9-E0C8991CF779}.Debug|iPhoneSimulator.Build.0 = Debug|Any CPU
		{2A6015FD-2BD2-4E71-A2D9-E0C8991CF779}.Debug|iPhoneSimulator.Deploy.0 = Debug|Any CPU
		{2A6015FD-2BD2-4E71-A2D9-E0C8991CF779}.Release|Any CPU.ActiveCfg = Release|Any CPU
		{2A6015FD-2BD2-4E71-A2D9-E0C8991CF779}.Release|Any CPU.Build.0 = Release|Any CPU
		{2A6015FD-2BD2-4E71-A2D9-E0C8991CF779}.Release|Any CPU.Deploy.0 = Release|Any CPU
		{2A6015FD-2BD2-4E71-A2D9-E0C8991CF779}.Release|iPhone.ActiveCfg = Release|Any CPU
		{2A6015FD-2BD2-4E71-A2D9-E0C8991CF779}.Release|iPhone.Build.0 = Release|Any CPU
		{2A6015FD-2BD2-4E71-A2D9-E0C8991CF779}.Release|iPhone.Deploy.0 = Release|Any CPU
		{2A6015FD-2BD2-4E71-A2D9-E0C8991CF779}.Release|iPhoneSimulator.ActiveCfg = Release|Any CPU
		{2A6015FD-2BD2-4E71-A2D9-E0C8991CF779}.Release|iPhoneSimulator.Build.0 = Release|Any CPU
		{2A6015FD-2BD2-4E71-A2D9-E0C8991CF779}.Release|iPhoneSimulator.Deploy.0 = Release|Any CPU
	EndGlobalSection
	GlobalSection(SolutionProperties) = preSolution
		HideSolutionNode = FALSE
	EndGlobalSection
	GlobalSection(ExtensibilityGlobals) = postSolution
		SolutionGuid = {CFF0B19E-8D5E-4B03-AC41-8B7DCFBA85DA}
	EndGlobalSection
EndGlobal
